
Microsoft Visual Studio Solution File, Format Version 12.00
# Visual Studio 15
VisualStudioVersion = 15.0.27428.2037
MinimumVisualStudioVersion = 10.0.40219.1
Project("{FAE04EC0-301F-11D3-BF4B-00C04F79EFBC}") = "dijksta", "dijksta\dijksta.csproj", "{6BC111A2-125B-4477-BCE1-A3529D283D4E}"
EndProject
Global
	GlobalSection(SolutionConfigurationPlatforms) = preSolution
		Debug|Any CPU = Debug|Any CPU
		Release|Any CPU = Release|Any CPU
	EndGlobalSection
	GlobalSection(ProjectConfigurationPlatforms) = postSolution
		{6BC111A2-125B-4477-BCE1-A3529D283D4E}.Debug|Any CPU.ActiveCfg = Debug|Any CPU
		{6BC111A2-125B-4477-BCE1-A3529D283D4E}.Debug|Any CPU.Build.0 = Debug|Any CPU
		{6BC111A2-125B-4477-BCE1-A3529D283D4E}.Release|Any CPU.ActiveCfg = Release|Any CPU
		{6BC111A2-125B-4477-BCE1-A3529D283D4E}.Release|Any CPU.Build.0 = Release|Any CPU
	EndGlobalSection
	GlobalSection(SolutionProperties) = preSolution
		HideSolutionNode = FALSE
	EndGlobalSection
	GlobalSection(ExtensibilityGlobals) = postSolution
		SolutionGuid = {09764027-FF77-4F5A-B115-A2E3FC5FEABF}
	EndGlobalSection
EndGlobal
